
Microsoft Visual Studio Solution File, Format Version 12.00
# Visual Studio Version 17
VisualStudioVersion = 17.2.32630.192
MinimumVisualStudioVersion = 10.0.40219.1
Project("{FAE04EC0-301F-11D3-BF4B-00C04F79EFBC}") = "WebApplication1", "WebApplication1\WebApplication1.csproj", "{B9C0D37A-4106-4061-AE30-C9C9827A5E68}"
EndProject
Global
	GlobalSection(SolutionConfigurationPlatforms) = preSolution
		Debug|Any CPU = Debug|Any CPU
		Release|Any CPU = Release|Any CPU
	EndGlobalSection
	GlobalSection(ProjectConfigurationPlatforms) = postSolution
		{B9C0D37A-4106-4061-AE30-C9C9827A5E68}.Debug|Any CPU.ActiveCfg = Debug|Any CPU
		{B9C0D37A-4106-4061-AE30-C9C9827A5E68}.Debug|Any CPU.Build.0 = Debug|Any CPU
		{B9C0D37A-4106-4061-AE30-C9C9827A5E68}.Release|Any CPU.ActiveCfg = Release|Any CPU
		{B9C0D37A-4106-4061-AE30-C9C9827A5E68}.Release|Any CPU.Build.0 = Release|Any CPU
	EndGlobalSection
	GlobalSection(SolutionProperties) = preSolution
		HideSolutionNode = FALSE
	EndGlobalSection
	GlobalSection(ExtensibilityGlobals) = postSolution
		SolutionGuid = {8EFB5163-FF48-405C-BC36-C1B8291E82F1}
	EndGlobalSection
EndGlobal
